
Microsoft Visual Studio Solution File, Format Version 12.00
# Visual Studio Version 16
VisualStudioVersion = 16.0.31112.23
MinimumVisualStudioVersion = 10.0.40219.1
Project("{9A19103F-16F7-4668-BE54-9A1E7A4F7556}") = "restlessmedia.Module.Azure", "src\restlessmedia.Module.Azure.csproj", "{F251D5B2-B284-433D-A2F4-CC40EDB59379}"
EndProject
Project("{FAE04EC0-301F-11D3-BF4B-00C04F79EFBC}") = "restlessmedia.Module.Azure.Tests", "restlessmedia.Module.Azure.Tests\restlessmedia.Module.Azure.Tests.csproj", "{0F2F543A-7D62-4DD2-906C-C73617CA04BB}"
EndProject
Project("{FAE04EC0-301F-11D3-BF4B-00C04F79EFBC}") = "SampleProject", "SampleProject\SampleProject.csproj", "{C8383DB5-1C72-4730-B95C-44210F91DFBC}"
EndProject
Global
	GlobalSection(SolutionConfigurationPlatforms) = preSolution
		Debug|Any CPU = Debug|Any CPU
		Release|Any CPU = Release|Any CPU
	EndGlobalSection
	GlobalSection(ProjectConfigurationPlatforms) = postSolution
		{F251D5B2-B284-433D-A2F4-CC40EDB59379}.Debug|Any CPU.ActiveCfg = Debug|Any CPU
		{F251D5B2-B284-433D-A2F4-CC40EDB59379}.Debug|Any CPU.Build.0 = Debug|Any CPU
		{F251D5B2-B284-433D-A2F4-CC40EDB59379}.Release|Any CPU.ActiveCfg = Release|Any CPU
		{F251D5B2-B284-433D-A2F4-CC40EDB59379}.Release|Any CPU.Build.0 = Release|Any CPU
		{0F2F543A-7D62-4DD2-906C-C73617CA04BB}.Debug|Any CPU.ActiveCfg = Debug|Any CPU
		{0F2F543A-7D62-4DD2-906C-C73617CA04BB}.Debug|Any CPU.Build.0 = Debug|Any CPU
		{0F2F543A-7D62-4DD2-906C-C73617CA04BB}.Release|Any CPU.ActiveCfg = Release|Any CPU
		{0F2F543A-7D62-4DD2-906C-C73617CA04BB}.Release|Any CPU.Build.0 = Release|Any CPU
		{C8383DB5-1C72-4730-B95C-44210F91DFBC}.Debug|Any CPU.ActiveCfg = Debug|Any CPU
		{C8383DB5-1C72-4730-B95C-44210F91DFBC}.Debug|Any CPU.Build.0 = Debug|Any CPU
		{C8383DB5-1C72-4730-B95C-44210F91DFBC}.Release|Any CPU.ActiveCfg = Release|Any CPU
		{C8383DB5-1C72-4730-B95C-44210F91DFBC}.Release|Any CPU.Build.0 = Release|Any CPU
	EndGlobalSection
	GlobalSection(SolutionProperties) = preSolution
		HideSolutionNode = FALSE
	EndGlobalSection
	GlobalSection(ExtensibilityGlobals) = postSolution
		SolutionGuid = {99B340D8-FEBB-4B41-A75B-E7243AB8DE5F}
	EndGlobalSection
EndGlobal
